// !$*UTF8*$!
{
	archiveVersion = 1;
	classes = {
	};
	objectVersion = 50;
	objects = {

/* Begin PBXBuildFile section */
		4802A95124181627002E23BE /* AppDelegate.swift in Sources */ = {isa = PBXBuildFile; fileRef = 4802A95024181627002E23BE /* AppDelegate.swift */; };
		4802A95324181627002E23BE /* SceneDelegate.swift in Sources */ = {isa = PBXBuildFile; fileRef = 4802A95224181627002E23BE /* SceneDelegate.swift */; };
		4802A95524181627002E23BE /* FlickrViewController.swift in Sources */ = {isa = PBXBuildFile; fileRef = 4802A95424181627002E23BE /* FlickrViewController.swift */; };
		4802A95824181627002E23BE /* Main.storyboard in Resources */ = {isa = PBXBuildFile; fileRef = 4802A95624181627002E23BE /* Main.storyboard */; };
		4802A95A2418162B002E23BE /* Assets.xcassets in Resources */ = {isa = PBXBuildFile; fileRef = 4802A9592418162B002E23BE /* Assets.xcassets */; };
		4802A95D2418162B002E23BE /* LaunchScreen.storyboard in Resources */ = {isa = PBXBuildFile; fileRef = 4802A95B2418162B002E23BE /* LaunchScreen.storyboard */; };
		4802A96524181EDD002E23BE /* ImageCell.swift in Sources */ = {isa = PBXBuildFile; fileRef = 4802A96424181EDD002E23BE /* ImageCell.swift */; };
		4802A96E24182457002E23BE /* Models.swift in Sources */ = {isa = PBXBuildFile; fileRef = 4802A96D24182457002E23BE /* Models.swift */; };
		4802A970241846A8002E23BE /* ImageDetailView.swift in Sources */ = {isa = PBXBuildFile; fileRef = 4802A96F241846A8002E23BE /* ImageDetailView.swift */; };
/* End PBXBuildFile section */

/* Begin PBXFileReference section */
		4802A94D24181627002E23BE /* FlickrViewer.app */ = {isa = PBXFileReference; explicitFileType = wrapper.application; includeInIndex = 0; path = FlickrViewer.app; sourceTree = BUILT_PRODUCTS_DIR; };
		4802A95024181627002E23BE /* AppDelegate.swift */ = {isa = PBXFileReference; lastKnownFileType = sourcecode.swift; path = AppDelegate.swift; sourceTree = "<group>"; };
		4802A95224181627002E23BE /* SceneDelegate.swift */ = {isa = PBXFileReference; lastKnownFileType = sourcecode.swift; path = SceneDelegate.swift; sourceTree = "<group>"; };
		4802A95424181627002E23BE /* FlickrViewController.swift */ = {isa = PBXFileReference; lastKnownFileType = sourcecode.swift; path = FlickrViewController.swift; sourceTree = "<group>"; };
		4802A95724181627002E23BE /* Base */ = {isa = PBXFileReference; lastKnownFileType = file.storyboard; name = Base; path = Base.lproj/Main.storyboard; sourceTree = "<group>"; };
		4802A9592418162B002E23BE /* Assets.xcassets */ = {isa = PBXFileReference; lastKnownFileType = folder.assetcatalog; path = Assets.xcassets; sourceTree = "<group>"; };
		4802A95C2418162B002E23BE /* Base */ = {isa = PBXFileReference; lastKnownFileType = file.storyboard; name = Base; path = Base.lproj/LaunchScreen.storyboard; sourceTree = "<group>"; };
		4802A95E2418162B002E23BE /* Info.plist */ = {isa = PBXFileReference; lastKnownFileType = text.plist.xml; path = Info.plist; sourceTree = "<group>"; };
		4802A96424181EDD002E23BE /* ImageCell.swift */ = {isa = PBXFileReference; lastKnownFileType = sourcecode.swift; path = ImageCell.swift; sourceTree = "<group>"; };
		4802A96D24182457002E23BE /* Models.swift */ = {isa = PBXFileReference; lastKnownFileType = sourcecode.swift; path = Models.swift; sourceTree = "<group>"; };
		4802A96F241846A8002E23BE /* ImageDetailView.swift */ = {isa = PBXFileReference; lastKnownFileType = sourcecode.swift; path = ImageDetailView.swift; sourceTree = "<group>"; };
/* End PBXFileReference section */

/* Begin PBXFrameworksBuildPhase section */
		4802A94A24181627002E23BE /* Frameworks */ = {
			isa = PBXFrameworksBuildPhase;
			buildActionMask = 2147483647;
			files = (
			);
			runOnlyForDeploymentPostprocessing = 0;
		};
/* End PBXFrameworksBuildPhase section */

/* Begin PBXGroup section */
		4802A94424181627002E23BE = {
			isa = PBXGroup;
			children = (
				4802A94F24181627002E23BE /* FlickrViewer */,
				4802A94E24181627002E23BE /* Products */,
			);
			sourceTree = "<group>";
		};
		4802A94E24181627002E23BE /* Products */ = {
			isa = PBXGroup;
			children = (
				4802A94D24181627002E23BE /* FlickrViewer.app */,
			);
			name = Products;
			sourceTree = "<group>";
		};
		4802A94F24181627002E23BE /* FlickrViewer */ = {
			isa = PBXGroup;
			children = (
				4802A9662418216F002E23BE /* Base */,
				4802A96B241821AB002E23BE /* Model */,
				4802A9672418217B002E23BE /* Controller */,
				4802A96824182186002E23BE /* View */,
				4802A96C241821B3002E23BE /* Resources */,
				4802A95E2418162B002E23BE /* Info.plist */,
			);
			path = FlickrViewer;
			sourceTree = "<group>";
		};
		4802A9662418216F002E23BE /* Base */ = {
			isa = PBXGroup;
			children = (
				4802A95024181627002E23BE /* AppDelegate.swift */,
				4802A95224181627002E23BE /* SceneDelegate.swift */,
				4802A95624181627002E23BE /* Main.storyboard */,
				4802A95B2418162B002E23BE /* LaunchScreen.storyboard */,
			);
			path = Base;
			sourceTree = "<group>";
		};
		4802A9672418217B002E23BE /* Controller */ = {
			isa = PBXGroup;
			children = (
				4802A95424181627002E23BE /* FlickrViewController.swift */,
			);
			path = Controller;
			sourceTree = "<group>";
		};
		4802A96824182186002E23BE /* View */ = {
			isa = PBXGroup;
			children = (
				4802A96424181EDD002E23BE /* ImageCell.swift */,
				4802A96F241846A8002E23BE /* ImageDetailView.swift */,
			);
			path = View;
			sourceTree = "<group>";
		};
		4802A96B241821AB002E23BE /* Model */ = {
			isa = PBXGroup;
			children = (
				4802A96D24182457002E23BE /* Models.swift */,
			);
			path = Model;
			sourceTree = "<group>";
		};
		4802A96C241821B3002E23BE /* Resources */ = {
			isa = PBXGroup;
			children = (
				4802A9592418162B002E23BE /* Assets.xcassets */,
			);
			path = Resources;
			sourceTree = "<group>";
		};
/* End PBXGroup section */

/* Begin PBXNativeTarget section */
		4802A94C24181627002E23BE /* FlickrViewer */ = {
			isa = PBXNativeTarget;
			buildConfigurationList = 4802A9612418162B002E23BE /* Build configuration list for PBXNativeTarget "FlickrViewer" */;
			buildPhases = (
				4802A94924181627002E23BE /* Sources */,
				4802A94A24181627002E23BE /* Frameworks */,
				4802A94B24181627002E23BE /* Resources */,
			);
			buildRules = (
			);
			dependencies = (
			);
			name = FlickrViewer;
			productName = FlickrViewer;
			productReference = 4802A94D24181627002E23BE /* FlickrViewer.app */;
			productType = "com.apple.product-type.application";
		};
/* End PBXNativeTarget section */

/* Begin PBXProject section */
		4802A94524181627002E23BE /* Project object */ = {
			isa = PBXProject;
			attributes = {
				LastSwiftUpdateCheck = 1120;
				LastUpgradeCheck = 1120;
				ORGANIZATIONNAME = "Ivan Quintana";
				TargetAttributes = {
					4802A94C24181627002E23BE = {
						CreatedOnToolsVersion = 11.2.1;
					};
				};
			};
			buildConfigurationList = 4802A94824181627002E23BE /* Build configuration list for PBXProject "FlickrViewer" */;
			compatibilityVersion = "Xcode 9.3";
			developmentRegion = en;
			hasScannedForEncodings = 0;
			knownRegions = (
				en,
				Base,
			);
			mainGroup = 4802A94424181627002E23BE;
			productRefGroup = 4802A94E24181627002E23BE /* Products */;
			projectDirPath = "";
			projectRoot = "";
			targets = (
				4802A94C24181627002E23BE /* FlickrViewer */,
			);
		};
/* End PBXProject section */

/* Begin PBXResourcesBuildPhase section */
		4802A94B24181627002E23BE /* Resources */ = {
			isa = PBXResourcesBuildPhase;
			buildActionMask = 2147483647;
			files = (
				4802A95D2418162B002E23BE /* LaunchScreen.storyboard in Resources */,
				4802A95A2418162B002E23BE /* Assets.xcassets in Resources */,
				4802A95824181627002E23BE /* Main.storyboard in Resources */,
			);
			runOnlyForDeploymentPostprocessing = 0;
		};
/* End PBXResourcesBuildPhase section */

/* Begin PBXSourcesBuildPhase section */
		4802A94924181627002E23BE /* Sources */ = {
			isa = PBXSourcesBuildPhase;
			buildActionMask = 2147483647;
			files = (
				4802A95524181627002E23BE /* FlickrViewController.swift in Sources */,
				4802A96524181EDD002E23BE /* ImageCell.swift in Sources */,
				4802A95124181627002E23BE /* AppDelegate.swift in Sources */,
				4802A95324181627002E23BE /* SceneDelegate.swift in Sources */,
				4802A96E24182457002E23BE /* Models.swift in Sources */,
				4802A970241846A8002E23BE /* ImageDetailView.swift in Sources */,
			);
			runOnlyForDeploymentPostprocessing = 0;
		};
/* End PBXSourcesBuildPhase section */

/* Begin PBXVariantGroup section */
		4802A95624181627002E23BE /* Main.storyboard */ = {
			isa = PBXVariantGroup;
			children = (
				4802A95724181627002E23BE /* Base */,
			);
			name = Main.storyboard;
			sourceTree = "<group>";
		};
		4802A95B2418162B002E23BE /* LaunchScreen.storyboard */ = {
			isa = PBXVariantGroup;
			children = (
				4802A95C2418162B002E23BE /* Base */,
			);
			name = LaunchScreen.storyboard;
			sourceTree = "<group>";
		};
/* End PBXVariantGroup section */

/* Begin XCBuildConfiguration section */
		4802A95F2418162B002E23BE /* Debug */ = {
			isa = XCBuildConfiguration;
			buildSettings = {
				ALWAYS_SEARCH_USER_PATHS = NO;
				CLANG_ANALYZER_NONNULL = YES;
				CLANG_ANALYZER_NUMBER_OBJECT_CONVERSION = YES_AGGRESSIVE;
				CLANG_CXX_LANGUAGE_STANDARD = "gnu++14";
				CLANG_CXX_LIBRARY = "libc++";
				CLANG_ENABLE_MODULES = YES;
				CLANG_ENABLE_OBJC_ARC = YES;
				CLANG_ENABLE_OBJC_WEAK = YES;
				CLANG_WARN_BLOCK_CAPTURE_AUTORELEASING = YES;
				CLANG_WARN_BOOL_CONVERSION = YES;
				CLANG_WARN_COMMA = YES;
				CLANG_WARN_CONSTANT_CONVERSION = YES;
				CLANG_WARN_DEPRECATED_OBJC_IMPLEMENTATIONS = YES;
				CLANG_WARN_DIRECT_OBJC_ISA_USAGE = YES_ERROR;
				CLANG_WARN_DOCUMENTATION_COMMENTS = YES;
				CLANG_WARN_EMPTY_BODY = YES;
				CLANG_WARN_ENUM_CONVERSION = YES;
				CLANG_WARN_INFINITE_RECURSION = YES;
				CLANG_WARN_INT_CONVERSION = YES;
				CLANG_WARN_NON_LITERAL_NULL_CONVERSION = YES;
				CLANG_WARN_OBJC_IMPLICIT_RETAIN_SELF = YES;
				CLANG_WARN_OBJC_LITERAL_CONVERSION = YES;
				CLANG_WARN_OBJC_ROOT_CLASS = YES_ERROR;
				CLANG_WARN_RANGE_LOOP_ANALYSIS = YES;
				CLANG_WARN_STRICT_PROTOTYPES = YES;
				CLANG_WARN_SUSPICIOUS_MOVE = YES;
				CLANG_WARN_UNGUARDED_AVAILABILITY = YES_AGGRESSIVE;
				CLANG_WARN_UNREACHABLE_CODE = YES;
				CLANG_WARN__DUPLICATE_METHOD_MATCH = YES;
				COPY_PHASE_STRIP = NO;
				DEBUG_INFORMATION_FORMAT = dwarf;
				ENABLE_STRICT_OBJC_MSGSEND = YES;
				ENABLE_TESTABILITY = YES;
				GCC_C_LANGUAGE_STANDARD = gnu11;
				GCC_DYNAMIC_NO_PIC = NO;
				GCC_NO_COMMON_BLOCKS = YES;
				GCC_OPTIMIZATION_LEVEL = 0;
				GCC_PREPROCESSOR_DEFINITIONS = (
					"DEBUG=1",
					"$(inherited)",
				);
				GCC_WARN_64_TO_32_BIT_CONVERSION = YES;
				GCC_WARN_ABOUT_RETURN_TYPE = YES_ERROR;
				GCC_WARN_UNDECLARED_SELECTOR = YES;
				GCC_WARN_UNINITIALIZED_AUTOS = YES_AGGRESSIVE;
				GCC_WARN_UNUSED_FUNCTION = YES;
				GCC_WARN_UNUSED_VARIABLE = YES;
				IPHONEOS_DEPLOYMENT_TARGET = 13.2;
				MTL_ENABLE_DEBUG_INFO = INCLUDE_SOURCE;
				MTL_FAST_MATH = YES;
				ONLY_ACTIVE_ARCH = YES;
				SDKROOT = iphoneos;
				SWIFT_ACTIVE_COMPILATION_CONDITIONS = DEBUG;
				SWIFT_OPTIMIZATION_LEVEL = "-Onone";
			};
			name = Debug;
		};
		4802A9602418162B002E23BE /* Release */ = {
			isa = XCBuildConfiguration;
			buildSettings = {
				ALWAYS_SEARCH_USER_PATHS = NO;
				CLANG_ANALYZER_NONNULL = YES;
				CLANG_ANALYZER_NUMBER_OBJECT_CONVERSION = YES_AGGRESSIVE;
				CLANG_CXX_LANGUAGE_STANDARD = "gnu++14";
				CLANG_CXX_LIBRARY = "libc++";
				CLANG_ENABLE_MODULES = YES;
				CLANG_ENABLE_OBJC_ARC = YES;
				CLANG_ENABLE_OBJC_WEAK = YES;
				CLANG_WARN_BLOCK_CAPTURE_AUTORELEASING = YES;
				CLANG_WARN_BOOL_CONVERSION = YES;
				CLANG_WARN_COMMA = YES;
				CLANG_WARN_CONSTANT_CONVERSION = YES;
				CLANG_WARN_DEPRECATED_OBJC_IMPLEMENTATIONS = YES;
				CLANG_WARN_DIRECT_OBJC_ISA_USAGE = YES_ERROR;
				CLANG_WARN_DOCUMENTATION_COMMENTS = YES;
				CLANG_WARN_EMPTY_BODY = YES;
				CLANG_WARN_ENUM_CONVERSION = YES;
				CLANG_WARN_INFINITE_RECURSION = YES;
				CLANG_WARN_INT_CONVERSION = YES;
				CLANG_WARN_NON_LITERAL_NULL_CONVERSION = YES;
				CLANG_WARN_OBJC_IMPLICIT_RETAIN_SELF = YES;
				CLANG_WARN_OBJC_LITERAL_CONVERSION = YES;
				CLANG_WARN_OBJC_ROOT_CLASS = YES_ERROR;
				CLANG_WARN_RANGE_LOOP_ANALYSIS = YES;
				CLANG_WARN_STRICT_PROTOTYPES = YES;
				CLANG_WARN_SUSPICIOUS_MOVE = YES;
				CLANG_WARN_UNGUARDED_AVAILABILITY = YES_AGGRESSIVE;
				CLANG_WARN_UNREACHABLE_CODE = YES;
				CLANG_WARN__DUPLICATE_METHOD_MATCH = YES;
				COPY_PHASE_STRIP = NO;
				DEBUG_INFORMATION_FORMAT = "dwarf-with-dsym";
				ENABLE_NS_ASSERTIONS = NO;
				ENABLE_STRICT_OBJC_MSGSEND = YES;
				GCC_C_LANGUAGE_STANDARD = gnu11;
				GCC_NO_COMMON_BLOCKS = YES;
				GCC_WARN_64_TO_32_BIT_CONVERSION = YES;
				GCC_WARN_ABOUT_RETURN_TYPE = YES_ERROR;
				GCC_WARN_UNDECLARED_SELECTOR = YES;
				GCC_WARN_UNINITIALIZED_AUTOS = YES_AGGRESSIVE;
				GCC_WARN_UNUSED_FUNCTION = YES;
				GCC_WARN_UNUSED_VARIABLE = YES;
				IPHONEOS_DEPLOYMENT_TARGET = 13.2;
				MTL_ENABLE_DEBUG_INFO = NO;
				MTL_FAST_MATH = YES;
				SDKROOT = iphoneos;
				SWIFT_COMPILATION_MODE = wholemodule;
				SWIFT_OPTIMIZATION_LEVEL = "-O";
				VALIDATE_PRODUCT = YES;
			};
			name = Release;
		};
		4802A9622418162B002E23BE /* Debug */ = {
			isa = XCBuildConfiguration;
			buildSettings = {
				ASSETCATALOG_COMPILER_APPICON_NAME = AppIcon;
				CODE_SIGN_STYLE = Automatic;
				DEVELOPMENT_TEAM = 4N56H8P494;
				INFOPLIST_FILE = FlickrViewer/Info.plist;
				LD_RUNPATH_SEARCH_PATHS = (
					"$(inherited)",
					"@executable_path/Frameworks",
				);
				PRODUCT_BUNDLE_IDENTIFIER = mx.tacode.FlickrViewer;
				PRODUCT_NAME = "$(TARGET_NAME)";
				SWIFT_VERSION = 5.0;
				TARGETED_DEVICE_FAMILY = "1,2";
			};
			name = Debug;
		};
		4802A9632418162B002E23BE /* Release */ = {
			isa = XCBuildConfiguration;
			buildSettings = {
				ASSETCATALOG_COMPILER_APPICON_NAME = AppIcon;
				CODE_SIGN_STYLE = Automatic;
				DEVELOPMENT_TEAM = 4N56H8P494;
				INFOPLIST_FILE = FlickrViewer/Info.plist;
				LD_RUNPATH_SEARCH_PATHS = (
					"$(inherited)",
					"@executable_path/Frameworks",
				);
				PRODUCT_BUNDLE_IDENTIFIER = mx.tacode.FlickrViewer;
				PRODUCT_NAME = "$(TARGET_NAME)";
				SWIFT_VERSION = 5.0;
				TARGETED_DEVICE_FAMILY = "1,2";
			};
			name = Release;
		};
/* End XCBuildConfiguration section */

/* Begin XCConfigurationList section */
		4802A94824181627002E23BE /* Build configuration list for PBXProject "FlickrViewer" */ = {
			isa = XCConfigurationList;
			buildConfigurations = (
				4802A95F2418162B002E23BE /* Debug */,
				4802A9602418162B002E23BE /* Release */,
			);
			defaultConfigurationIsVisible = 0;
			defaultConfigurationName = Release;
		};
		4802A9612418162B002E23BE /* Build configuration list for PBXNativeTarget "FlickrViewer" */ = {
			isa = XCConfigurationList;
			buildConfigurations = (
				4802A9622418162B002E23BE /* Debug */,
				4802A9632418162B002E23BE /* Release */,
			);
			defaultConfigurationIsVisible = 0;
			defaultConfigurationName = Release;
		};
/* End XCConfigurationList section */
	};
	rootObject = 4802A94524181627002E23BE /* Project object */;
}
